
Microsoft Visual Studio Solution File, Format Version 12.00
# Visual Studio Version 17
VisualStudioVersion = 17.2.32526.322
MinimumVisualStudioVersion = 10.0.40219.1
Project("{FAE04EC0-301F-11D3-BF4B-00C04F79EFBC}") = "MyFirstWebApi2001", "MyFirstWebApi2001\MyFirstWebApi2001.csproj", "{A4202376-B578-4668-9DFC-7D42363ADC9E}"
EndProject
Global
	GlobalSection(SolutionConfigurationPlatforms) = preSolution
		Debug|Any CPU = Debug|Any CPU
		Release|Any CPU = Release|Any CPU
	EndGlobalSection
	GlobalSection(ProjectConfigurationPlatforms) = postSolution
		{A4202376-B578-4668-9DFC-7D42363ADC9E}.Debug|Any CPU.ActiveCfg = Debug|Any CPU
		{A4202376-B578-4668-9DFC-7D42363ADC9E}.Debug|Any CPU.Build.0 = Debug|Any CPU
		{A4202376-B578-4668-9DFC-7D42363ADC9E}.Release|Any CPU.ActiveCfg = Release|Any CPU
		{A4202376-B578-4668-9DFC-7D42363ADC9E}.Release|Any CPU.Build.0 = Release|Any CPU
	EndGlobalSection
	GlobalSection(SolutionProperties) = preSolution
		HideSolutionNode = FALSE
	EndGlobalSection
	GlobalSection(ExtensibilityGlobals) = postSolution
		SolutionGuid = {0D3C5407-EB24-4DA8-A86A-E484B6430011}
	EndGlobalSection
EndGlobal
